<?xml version="1.0" encoding="utf-8"?>
<Project ToolsVersion="4.0" xmlns="http://schemas.microsoft.com/developer/msbuild/2003">
  <ItemGroup>
    <ClInclude Include="GameEngineActor.h">
      <Filter>Object</Filter>
    </ClInclude>
    <ClInclude Include="GameEngineLevel.h">
      <Filter>Object</Filter>
    </ClInclude>
    <ClInclude Include="GameEngineCore.h">
      <Filter>Core</Filter>
    </ClInclude>
    <ClInclude Include="GameEngineStateManager.h">
      <Filter>Contents</Filter>
    </ClInclude>
    <ClInclude Include="GEngine.h" />
    <ClInclude Include="GameEngineComponent.h">
      <Filter>Object\Component</Filter>
    </ClInclude>
    <ClInclude Include="GameEngineRenderer.h">
      <Filter>Object\Component\Rendering</Filter>
    </ClInclude>
    <ClInclude Include="GameEngineRes.h">
      <Filter>Resources</Filter>
    </ClInclude>
    <ClInclude Include="GameEngineCamera.h">
      <Filter>Object\Component\Rendering</Filter>
    </ClInclude>
    <ClInclude Include="GameEngineTransformComponent.h">
      <Filter>Object\Component</Filter>
    </ClInclude>
    <ClInclude Include="GameEngineCameraActor.h">
      <Filter>Object\Component\Rendering</Filter>
    </ClInclude>
    <ClInclude Include="CoreMinimal.h" />
    <ClInclude Include="GameEngineCollision.h">
      <Filter>Object\Component\Collision</Filter>
    </ClInclude>
    <ClInclude Include="PreCompile.h">
      <Filter>PreCompile</Filter>
    </ClInclude>
    <ClInclude Include="GameEngineDevice.h">
      <Filter>Device</Filter>
    </ClInclude>
    <ClInclude Include="GameEngineTransformBase.h">
      <Filter>Object\Component</Filter>
    </ClInclude>
    <ClInclude Include="GameEngineMaterial.h">
      <Filter>Resources</Filter>
    </ClInclude>
    <ClInclude Include="GameEngineIndexBuffer.h">
      <Filter>Resources\InputAssembler</Filter>
    </ClInclude>
    <ClInclude Include="GameEngineVertexBuffer.h">
      <Filter>Resources\InputAssembler</Filter>
    </ClInclude>
    <ClInclude Include="GameEngineTexture.h">
      <Filter>Resources\Texture</Filter>
    </ClInclude>
    <ClInclude Include="GameEngineShader.h">
      <Filter>Resources\Shader</Filter>
    </ClInclude>
    <ClInclude Include="GameEngineVertexShader.h">
      <Filter>Resources\Shader</Filter>
    </ClInclude>
    <ClInclude Include="GameEnginePixelShader.h">
      <Filter>Resources\Shader</Filter>
    </ClInclude>
    <ClInclude Include="GameEngineRasterizer.h">
      <Filter>Resources\Rasterizer</Filter>
    </ClInclude>
    <ClInclude Include="GameEngineRenderTarget.h">
      <Filter>Resources\OutputMerger</Filter>
    </ClInclude>
    <ClInclude Include="GameEngineDepthStencil.h">
      <Filter>Resources\OutputMerger</Filter>
    </ClInclude>
    <ClInclude Include="GameEngineBlend.h">
      <Filter>Resources\OutputMerger</Filter>
    </ClInclude>
    <ClInclude Include="GameEngineInputLayOut.h">
      <Filter>Resources\InputAssembler</Filter>
    </ClInclude>
    <ClInclude Include="GameEngineVertexs.h">
      <Filter>Resources\InputAssembler</Filter>
    </ClInclude>
    <ClInclude Include="GameEngineConstantBuffer.h">
      <Filter>Resources\ShaderResources</Filter>
    </ClInclude>
    <ClInclude Include="GameEngineShaderResourcesHelper.h">
      <Filter>Object\Component\Rendering</Filter>
    </ClInclude>
    <ClInclude Include="ThirdParty\inc\DirectXTex.h">
      <Filter>ThirdParty\Inc</Filter>
    </ClInclude>
    <ClInclude Include="GameEngineSampler.h">
      <Filter>Resources\Texture</Filter>
    </ClInclude>
    <ClInclude Include="GameEngineTextureRenderer.h">
      <Filter>Object\Component\Rendering\Content</Filter>
    </ClInclude>
    <ClInclude Include="GameEngineFolderTexture.h">
      <Filter>Resources\Texture</Filter>
    </ClInclude>
    <ClInclude Include="GameEngineGUI.h">
      <Filter>GUI</Filter>
    </ClInclude>
    <ClInclude Include="imgui_impl_dx11.h">
      <Filter>GUI\IMGUI</Filter>
    </ClInclude>
    <ClInclude Include="imgui_impl_win32.h">
      <Filter>GUI\IMGUI</Filter>
    </ClInclude>
    <ClInclude Include="imgui_internal.h">
      <Filter>GUI\IMGUI</Filter>
    </ClInclude>
    <ClInclude Include="imstb_rectpack.h">
      <Filter>GUI\IMGUI</Filter>
    </ClInclude>
    <ClInclude Include="imstb_textedit.h">
      <Filter>GUI\IMGUI</Filter>
    </ClInclude>
    <ClInclude Include="imstb_truetype.h">
      <Filter>GUI\IMGUI</Filter>
    </ClInclude>
    <ClInclude Include="imconfig.h">
      <Filter>GUI\IMGUI</Filter>
    </ClInclude>
    <ClInclude Include="imgui.h">
      <Filter>GUI\IMGUI</Filter>
    </ClInclude>
    <ClInclude Include="GameEngineStatusWindow.h">
      <Filter>GUI\EngineGUIWindow</Filter>
    </ClInclude>
    <ClInclude Include="GameEngineUIRenderer.h">
      <Filter>Object\Component\Rendering\Content</Filter>
    </ClInclude>
    <ClInclude Include="GameEngineFont.h">
      <Filter>Resources\Font</Filter>
    </ClInclude>
    <ClInclude Include="GameEngineFontRenderer.h">
      <Filter>Object\Component\Rendering\Content</Filter>
    </ClInclude>
    <ClInclude Include="GameEngineCoreDebug.h">
      <Filter>Debug</Filter>
    </ClInclude>
    <ClInclude Include="portable-file-dialogs.h">
      <Filter>GUI</Filter>
    </ClInclude>
    <ClInclude Include="GameEngineUpdateObject.h">
      <Filter>Object\Component</Filter>
    </ClInclude>
    <ClInclude Include="GameEngineBlur.h">
      <Filter>Object\Component\Rendering\PostEffect</Filter>
    </ClInclude>
    <ClInclude Include="GameEngineStructuredBuffer.h">
      <Filter>Resources\ShaderResources</Filter>
    </ClInclude>
    <ClInclude Include="GameEngineInstancingBuffer.h">
      <Filter>Resources\InputAssembler</Filter>
    </ClInclude>
    <ClInclude Include="GameEngineInstancing.h">
      <Filter>Object\Component\Rendering\Instancing</Filter>
    </ClInclude>
    <ClInclude Include="GameEngineDefaultRenderer.h">
      <Filter>Object\Component\Rendering\Content</Filter>
    </ClInclude>
    <ClInclude Include="GameEngineMesh.h">
      <Filter>Resources\InputAssembler</Filter>
    </ClInclude>
    <ClInclude Include="GameEngineFBX.h">
      <Filter>Resources\FBX</Filter>
    </ClInclude>
    <ClInclude Include="GameEngineFBXMesh.h">
      <Filter>Resources\FBX</Filter>
    </ClInclude>
    <ClInclude Include="GameEngineFBXAnimation.h">
      <Filter>Resources\FBX</Filter>
    </ClInclude>
    <ClInclude Include="GameEngineFBXRenderer.h">
      <Filter>Object\Component\Rendering\Content</Filter>
    </ClInclude>
  </ItemGroup>
  <ItemGroup>
    <ClCompile Include="GameEngineActor.cpp">
      <Filter>Object</Filter>
    </ClCompile>
    <ClCompile Include="GameEngineLevel.cpp">
      <Filter>Object</Filter>
    </ClCompile>
    <ClCompile Include="GameEngineCore.cpp">
      <Filter>Core</Filter>
    </ClCompile>
    <ClCompile Include="GameEngineStateManager.cpp">
      <Filter>Contents</Filter>
    </ClCompile>
    <ClCompile Include="GEngine.cpp" />
    <ClCompile Include="GameEngineComponent.cpp">
      <Filter>Object\Component</Filter>
    </ClCompile>
    <ClCompile Include="GameEngineRenderer.cpp">
      <Filter>Object\Component\Rendering</Filter>
    </ClCompile>
    <ClCompile Include="GameEngineCore_Resources.cpp">
      <Filter>Core</Filter>
    </ClCompile>
    <ClCompile Include="GameEngineRes.cpp">
      <Filter>Resources</Filter>
    </ClCompile>
    <ClCompile Include="GameEngineCamera.cpp">
      <Filter>Object\Component\Rendering</Filter>
    </ClCompile>
    <ClCompile Include="GameEngineTransformComponent.cpp">
      <Filter>Object\Component</Filter>
    </ClCompile>
    <ClCompile Include="GameEngineCameraActor.cpp">
      <Filter>Object\Component\Rendering</Filter>
    </ClCompile>
    <ClCompile Include="GameEngineCollision.cpp">
      <Filter>Object\Component\Collision</Filter>
    </ClCompile>
    <ClCompile Include="PreCompile.cpp">
      <Filter>PreCompile</Filter>
    </ClCompile>
    <ClCompile Include="GameEngineDevice.cpp">
      <Filter>Device</Filter>
    </ClCompile>
    <ClCompile Include="GameEngineTransformBase.cpp">
      <Filter>Object\Component</Filter>
    </ClCompile>
    <ClCompile Include="GameEngineMaterial.cpp">
      <Filter>Resources</Filter>
    </ClCompile>
    <ClCompile Include="GameEngineIndexBuffer.cpp">
      <Filter>Resources\InputAssembler</Filter>
    </ClCompile>
    <ClCompile Include="GameEngineVertexBuffer.cpp">
      <Filter>Resources\InputAssembler</Filter>
    </ClCompile>
    <ClCompile Include="GameEngineTexture.cpp">
      <Filter>Resources\Texture</Filter>
    </ClCompile>
    <ClCompile Include="GameEngineShader.cpp">
      <Filter>Resources\Shader</Filter>
    </ClCompile>
    <ClCompile Include="GameEngineVertexShader.cpp">
      <Filter>Resources\Shader</Filter>
    </ClCompile>
    <ClCompile Include="GameEnginePixelShader.cpp">
      <Filter>Resources\Shader</Filter>
    </ClCompile>
    <ClCompile Include="GameEngineRasterizer.cpp">
      <Filter>Resources\Rasterizer</Filter>
    </ClCompile>
    <ClCompile Include="GameEngineRenderTarget.cpp">
      <Filter>Resources\OutputMerger</Filter>
    </ClCompile>
    <ClCompile Include="GameEngineDepthStencil.cpp">
      <Filter>Resources\OutputMerger</Filter>
    </ClCompile>
    <ClCompile Include="GameEngineBlend.cpp">
      <Filter>Resources\OutputMerger</Filter>
    </ClCompile>
    <ClCompile Include="GameEngineInputLayOut.cpp">
      <Filter>Resources\InputAssembler</Filter>
    </ClCompile>
    <ClCompile Include="GameEngineVertexs.cpp">
      <Filter>Resources\InputAssembler</Filter>
    </ClCompile>
    <ClCompile Include="GameEngineConstantBuffer.cpp">
      <Filter>Resources\ShaderResources</Filter>
    </ClCompile>
    <ClCompile Include="GameEngineShaderResourcesHelper.cpp">
      <Filter>Object\Component\Rendering</Filter>
    </ClCompile>
    <ClCompile Include="GameEngineSampler.cpp">
      <Filter>Resources\Texture</Filter>
    </ClCompile>
    <ClCompile Include="GameEngineTextureRenderer.cpp">
      <Filter>Object\Component\Rendering\Content</Filter>
    </ClCompile>
    <ClCompile Include="GameEngineFolderTexture.cpp">
      <Filter>Resources\Texture</Filter>
    </ClCompile>
    <ClCompile Include="GameEngineGUI.cpp">
      <Filter>GUI</Filter>
    </ClCompile>
    <ClCompile Include="imgui_impl_dx11.cpp">
      <Filter>GUI\IMGUI</Filter>
    </ClCompile>
    <ClCompile Include="imgui_impl_win32.cpp">
      <Filter>GUI\IMGUI</Filter>
    </ClCompile>
    <ClCompile Include="imgui_tables.cpp">
      <Filter>GUI\IMGUI</Filter>
    </ClCompile>
    <ClCompile Include="imgui_widgets.cpp">
      <Filter>GUI\IMGUI</Filter>
    </ClCompile>
    <ClCompile Include="imgui.cpp">
      <Filter>GUI\IMGUI</Filter>
    </ClCompile>
    <ClCompile Include="imgui_draw.cpp">
      <Filter>GUI\IMGUI</Filter>
    </ClCompile>
    <ClCompile Include="GameEngineStatusWindow.cpp">
      <Filter>GUI\EngineGUIWindow</Filter>
    </ClCompile>
    <ClCompile Include="GameEngineUIRenderer.cpp">
      <Filter>Object\Component\Rendering\Content</Filter>
    </ClCompile>
    <ClCompile Include="GameEngineFont.cpp">
      <Filter>Resources\Font</Filter>
    </ClCompile>
    <ClCompile Include="GameEngineFontRenderer.cpp">
      <Filter>Object\Component\Rendering\Content</Filter>
    </ClCompile>
    <ClCompile Include="GameEngineCoreDebug.cpp">
      <Filter>Debug</Filter>
    </ClCompile>
    <ClCompile Include="GameEngineUpdateObject.cpp">
      <Filter>Object\Component</Filter>
    </ClCompile>
    <ClCompile Include="GameEngineBlur.cpp">
      <Filter>Object\Component\Rendering\PostEffect</Filter>
    </ClCompile>
    <ClCompile Include="GameEngineStructuredBuffer.cpp">
      <Filter>Resources\ShaderResources</Filter>
    </ClCompile>
    <ClCompile Include="GameEngineInstancingBuffer.cpp">
      <Filter>Resources\InputAssembler</Filter>
    </ClCompile>
    <ClCompile Include="GameEngineInstancing.cpp">
      <Filter>Object\Component\Rendering\Instancing</Filter>
    </ClCompile>
    <ClCompile Include="GameEngineDefaultRenderer.cpp">
      <Filter>Object\Component\Rendering\Content</Filter>
    </ClCompile>
    <ClCompile Include="GameEngineMesh.cpp">
      <Filter>Resources\InputAssembler</Filter>
    </ClCompile>
    <ClCompile Include="GameEngineFBX.cpp">
      <Filter>Resources\FBX</Filter>
    </ClCompile>
    <ClCompile Include="GameEngineFBXMesh.cpp">
      <Filter>Resources\FBX</Filter>
    </ClCompile>
    <ClCompile Include="GameEngineFBXAnimation.cpp">
      <Filter>Resources\FBX</Filter>
    </ClCompile>
    <ClCompile Include="GameEngineFBXRenderer.cpp">
      <Filter>Object\Component\Rendering\Content</Filter>
    </ClCompile>
  </ItemGroup>
  <ItemGroup>
    <Filter Include="Object">
      <UniqueIdentifier>{9ad0e594-e458-4444-afe7-c98ac47786a9}</UniqueIdentifier>
    </Filter>
    <Filter Include="Resources">
      <UniqueIdentifier>{bdafba04-6358-4c0c-b061-b6e84276d91f}</UniqueIdentifier>
    </Filter>
    <Filter Include="Core">
      <UniqueIdentifier>{26808072-562e-43d7-a7f8-527f4cf62091}</UniqueIdentifier>
    </Filter>
    <Filter Include="Contents">
      <UniqueIdentifier>{0f1a8369-7658-4e5c-9bfe-7868e9ffee8e}</UniqueIdentifier>
    </Filter>
    <Filter Include="Object\Component">
      <UniqueIdentifier>{e7912e52-0386-45b4-bf50-049ebcedb9a4}</UniqueIdentifier>
    </Filter>
    <Filter Include="Object\Component\Rendering">
      <UniqueIdentifier>{159c3bb7-6922-43be-8efe-4497bb9d7c47}</UniqueIdentifier>
    </Filter>
    <Filter Include="Object\Component\Collision">
      <UniqueIdentifier>{419faf34-473f-447d-a811-d5ec4dcb7149}</UniqueIdentifier>
    </Filter>
    <Filter Include="PreCompile">
      <UniqueIdentifier>{d46787de-918a-4696-9fbe-d892a479d89f}</UniqueIdentifier>
    </Filter>
    <Filter Include="Device">
      <UniqueIdentifier>{ac8a4ff0-3f71-4a8a-b75f-ae035701be9a}</UniqueIdentifier>
    </Filter>
    <Filter Include="Resources\Texture">
      <UniqueIdentifier>{be2af8f7-7b15-4d69-9afc-a729749d7d71}</UniqueIdentifier>
    </Filter>
    <Filter Include="Resources\Shader">
      <UniqueIdentifier>{0079353a-618c-49a1-aba3-f4f554aedc2b}</UniqueIdentifier>
    </Filter>
    <Filter Include="Resources\Rasterizer">
      <UniqueIdentifier>{fe5f8dac-dfe1-497b-8350-faafa48fa329}</UniqueIdentifier>
    </Filter>
    <Filter Include="Resources\OutputMerger">
      <UniqueIdentifier>{36d2ec93-0456-45af-9091-66a982aed964}</UniqueIdentifier>
    </Filter>
    <Filter Include="Resources\InputAssembler">
      <UniqueIdentifier>{314ea644-9b22-418b-8318-bd85faafdc2c}</UniqueIdentifier>
    </Filter>
    <Filter Include="Resources\ShaderResources">
      <UniqueIdentifier>{f899ac69-4ac6-4282-98ea-1d17623e8b55}</UniqueIdentifier>
    </Filter>
    <Filter Include="ThirdParty">
      <UniqueIdentifier>{ad6a5a9e-09e4-48a7-a2d7-042aaaa592ab}</UniqueIdentifier>
    </Filter>
    <Filter Include="ThirdParty\Inc">
      <UniqueIdentifier>{e2f3cfc4-d23a-4794-9787-e8a7f3c9b1d2}</UniqueIdentifier>
    </Filter>
    <Filter Include="ThirdParty\Lib">
      <UniqueIdentifier>{956f0b7b-33ff-45e0-ab0e-6639b123c382}</UniqueIdentifier>
    </Filter>
    <Filter Include="ThirdParty\Lib\Debug">
      <UniqueIdentifier>{a43a8931-f835-456b-a4b3-886903c61727}</UniqueIdentifier>
    </Filter>
    <Filter Include="ThirdParty\Lib\Release">
      <UniqueIdentifier>{56d71c1c-436d-4163-9012-2ec0a5301f4d}</UniqueIdentifier>
    </Filter>
    <Filter Include="Object\Component\Rendering\Content">
      <UniqueIdentifier>{f47c5ad2-dcc6-4f7d-95c5-8a49c834fb25}</UniqueIdentifier>
    </Filter>
    <Filter Include="GUI">
      <UniqueIdentifier>{b9e8479b-4644-4e94-987a-ea55aa5dd95c}</UniqueIdentifier>
    </Filter>
    <Filter Include="GUI\IMGUI">
      <UniqueIdentifier>{5d9990d3-68b8-450e-b5b8-9fbfd75b92da}</UniqueIdentifier>
    </Filter>
    <Filter Include="GUI\EngineGUIWindow">
      <UniqueIdentifier>{09480c4d-1007-4c4c-bffb-819bcf06a933}</UniqueIdentifier>
    </Filter>
    <Filter Include="Resources\Font">
      <UniqueIdentifier>{a884b701-1fc5-4b22-bc4e-75758cce3814}</UniqueIdentifier>
    </Filter>
    <Filter Include="Debug">
      <UniqueIdentifier>{e68d6257-0003-4043-bd87-9182cd06ca99}</UniqueIdentifier>
    </Filter>
    <Filter Include="Object\Component\Rendering\PostEffect">
      <UniqueIdentifier>{46d08731-172c-4b19-8fb5-25f7401c5f82}</UniqueIdentifier>
    </Filter>
    <Filter Include="Object\Component\Rendering\Instancing">
      <UniqueIdentifier>{3a3bf4d0-95cd-440d-bf1c-69a00a292dd1}</UniqueIdentifier>
    </Filter>
    <Filter Include="Resources\FBX">
      <UniqueIdentifier>{fc7acf9f-14f5-4be4-8a07-77bd9cc92e77}</UniqueIdentifier>
    </Filter>
  </ItemGroup>
  <ItemGroup>
    <CopyFileToFolders Include="ThirdParty\bin\Release\DirectXTex.lib">
      <Filter>ThirdParty\Lib\Release</Filter>
    </CopyFileToFolders>
    <CopyFileToFolders Include="ThirdParty\bin\Debug\DirectXTex.lib">
      <Filter>ThirdParty\Lib\Debug</Filter>
    </CopyFileToFolders>
    <CopyFileToFolders Include="ThirdParty\bin\Release\FW1FontWrapper.dll">
      <Filter>ThirdParty\Lib\Release</Filter>
    </CopyFileToFolders>
    <CopyFileToFolders Include="ThirdParty\bin\Release\FW1FontWrapper.lib">
      <Filter>ThirdParty\Lib\Release</Filter>
    </CopyFileToFolders>
    <CopyFileToFolders Include="ThirdParty\bin\Debug\FW1FontWrapper.lib">
      <Filter>ThirdParty\Lib\Debug</Filter>
    </CopyFileToFolders>
    <CopyFileToFolders Include="ThirdParty\bin\Debug\FW1FontWrapper.dll">
      <Filter>ThirdParty\Lib\Debug</Filter>
    </CopyFileToFolders>
    <CopyFileToFolders Include="ThirdParty\bin\Release\libfbxsdk.dll">
      <Filter>ThirdParty\Lib\Release</Filter>
    </CopyFileToFolders>
    <CopyFileToFolders Include="ThirdParty\bin\Debug\libfbxsdk.dll">
      <Filter>ThirdParty\Lib\Debug</Filter>
    </CopyFileToFolders>
    <CopyFileToFolders Include="ThirdParty\bin\Debug\libfbxsdk.lib">
      <Filter>ThirdParty\Lib\Debug</Filter>
    </CopyFileToFolders>
    <CopyFileToFolders Include="ThirdParty\bin\Debug\libfbxsdk-md.lib">
      <Filter>ThirdParty\Lib\Debug</Filter>
    </CopyFileToFolders>
    <CopyFileToFolders Include="ThirdParty\bin\Debug\libfbxsdk-mt.lib">
      <Filter>ThirdParty\Lib\Debug</Filter>
    </CopyFileToFolders>
    <CopyFileToFolders Include="ThirdParty\bin\Debug\libxml2-md.lib">
      <Filter>ThirdParty\Lib\Debug</Filter>
    </CopyFileToFolders>
    <CopyFileToFolders Include="ThirdParty\bin\Debug\libxml2-mt.lib">
      <Filter>ThirdParty\Lib\Debug</Filter>
    </CopyFileToFolders>
    <CopyFileToFolders Include="ThirdParty\bin\Debug\zlib-md.lib">
      <Filter>ThirdParty\Lib\Debug</Filter>
    </CopyFileToFolders>
    <CopyFileToFolders Include="ThirdParty\bin\Debug\zlib-mt.lib">
      <Filter>ThirdParty\Lib\Debug</Filter>
    </CopyFileToFolders>
    <CopyFileToFolders Include="ThirdParty\bin\Release\libfbxsdk.lib">
      <Filter>ThirdParty\Lib\Release</Filter>
    </CopyFileToFolders>
    <CopyFileToFolders Include="ThirdParty\bin\Release\libfbxsdk-md.lib" />
    <CopyFileToFolders Include="ThirdParty\bin\Release\libfbxsdk-mt.lib" />
    <CopyFileToFolders Include="ThirdParty\bin\Release\libxml2-md.lib" />
    <CopyFileToFolders Include="ThirdParty\bin\Release\libxml2-mt.lib" />
    <CopyFileToFolders Include="ThirdParty\bin\Release\zlib-md.lib" />
    <CopyFileToFolders Include="ThirdParty\bin\Release\zlib-mt.lib" />
  </ItemGroup>
</Project>