<?xml version="1.0" encoding="utf-8"?>
<Project ToolsVersion="4.0" xmlns="http://schemas.microsoft.com/developer/msbuild/2003">
  <ItemGroup>
    <Filter Include="Debug">
      <UniqueIdentifier>{bfbef790-e313-49e8-9096-193fd6a5d2f4}</UniqueIdentifier>
    </Filter>
    <Filter Include="IO">
      <UniqueIdentifier>{1af8f908-ed83-4d0b-b7a9-95bc1102a96e}</UniqueIdentifier>
    </Filter>
    <Filter Include="Math">
      <UniqueIdentifier>{22eb4c60-290a-4ac8-aad5-50713bbf9056}</UniqueIdentifier>
    </Filter>
    <Filter Include="Object">
      <UniqueIdentifier>{0dc35c84-7f4f-4030-b718-d0b175763a61}</UniqueIdentifier>
    </Filter>
    <Filter Include="WindowsOS">
      <UniqueIdentifier>{6efdbf21-50aa-48e2-bb08-42d3348a2eab}</UniqueIdentifier>
    </Filter>
    <Filter Include="String">
      <UniqueIdentifier>{37986fae-e9d4-47ce-a9f2-5ef40e6c278d}</UniqueIdentifier>
    </Filter>
    <Filter Include="ThirdParty">
      <UniqueIdentifier>{331122df-8ae3-4038-aacf-a14d7726e170}</UniqueIdentifier>
    </Filter>
    <Filter Include="ThirdParty\Sound">
      <UniqueIdentifier>{86af6b30-6553-442b-b937-277e57b299fb}</UniqueIdentifier>
    </Filter>
    <Filter Include="ThirdParty\Lib">
      <UniqueIdentifier>{717e7171-bed7-419b-9890-ed59b834d286}</UniqueIdentifier>
    </Filter>
    <Filter Include="PreCompile">
      <UniqueIdentifier>{bd9eb880-afe9-4dca-9caf-46b430f6193d}</UniqueIdentifier>
    </Filter>
    <Filter Include="Enum">
      <UniqueIdentifier>{40c2ed13-cf85-4feb-8fb6-47dd2686b9be}</UniqueIdentifier>
    </Filter>
  </ItemGroup>
  <ItemGroup>
    <ClCompile Include="GameEngineDebug.cpp">
      <Filter>Debug</Filter>
    </ClCompile>
    <ClCompile Include="GameEngineFile.cpp">
      <Filter>IO</Filter>
    </ClCompile>
    <ClCompile Include="GameEnginePath.cpp">
      <Filter>IO</Filter>
    </ClCompile>
    <ClCompile Include="GameEngineDirectory.cpp">
      <Filter>IO</Filter>
    </ClCompile>
    <ClCompile Include="GameEngineNameObject.cpp">
      <Filter>Object</Filter>
    </ClCompile>
    <ClCompile Include="GameEngineRandom.cpp">
      <Filter>Math</Filter>
    </ClCompile>
    <ClCompile Include="GameEngineMath.cpp">
      <Filter>Math</Filter>
    </ClCompile>
    <ClCompile Include="GameEngineTime.cpp">
      <Filter>Math</Filter>
    </ClCompile>
    <ClCompile Include="GameEngineInput.cpp">
      <Filter>WindowsOS</Filter>
    </ClCompile>
    <ClCompile Include="GameEngineWindow.cpp">
      <Filter>WindowsOS</Filter>
    </ClCompile>
    <ClCompile Include="GameEngineString.cpp">
      <Filter>String</Filter>
    </ClCompile>
    <ClCompile Include="GameEngineSound.cpp">
      <Filter>ThirdParty\Sound</Filter>
    </ClCompile>
    <ClCompile Include="GameEngineTransform.cpp">
      <Filter>Math</Filter>
    </ClCompile>
    <ClCompile Include="GameEngineDebugObject.cpp">
      <Filter>Object</Filter>
    </ClCompile>
    <ClCompile Include="GameEngineTransform_Collision.cpp">
      <Filter>Math</Filter>
    </ClCompile>
    <ClCompile Include="PreCompile.cpp">
      <Filter>PreCompile</Filter>
    </ClCompile>
  </ItemGroup>
  <ItemGroup>
    <ClInclude Include="GameEngineDebug.h">
      <Filter>Debug</Filter>
    </ClInclude>
    <ClInclude Include="GameEngineDirectory.h">
      <Filter>IO</Filter>
    </ClInclude>
    <ClInclude Include="GameEngineFile.h">
      <Filter>IO</Filter>
    </ClInclude>
    <ClInclude Include="GameEnginePath.h">
      <Filter>IO</Filter>
    </ClInclude>
    <ClInclude Include="GameEngineNameObject.h">
      <Filter>Object</Filter>
    </ClInclude>
    <ClInclude Include="GameEngineMath.h">
      <Filter>Math</Filter>
    </ClInclude>
    <ClInclude Include="GameEngineRandom.h">
      <Filter>Math</Filter>
    </ClInclude>
    <ClInclude Include="GameEngineTime.h">
      <Filter>Math</Filter>
    </ClInclude>
    <ClInclude Include="GameEngineInput.h">
      <Filter>WindowsOS</Filter>
    </ClInclude>
    <ClInclude Include="GameEngineWindow.h">
      <Filter>WindowsOS</Filter>
    </ClInclude>
    <ClInclude Include="GameEngineString.h">
      <Filter>String</Filter>
    </ClInclude>
    <ClInclude Include="GameEngineSound.h">
      <Filter>ThirdParty\Sound</Filter>
    </ClInclude>
    <ClInclude Include="GameEngineTransform.h">
      <Filter>Math</Filter>
    </ClInclude>
    <ClInclude Include="GameEngineDebugObject.h">
      <Filter>Object</Filter>
    </ClInclude>
    <ClInclude Include="PreCompile.h">
      <Filter>PreCompile</Filter>
    </ClInclude>
    <ClInclude Include="magic_enum_fuse.hpp">
      <Filter>Enum</Filter>
    </ClInclude>
    <ClInclude Include="magic_enum_format.hpp">
      <Filter>Enum</Filter>
    </ClInclude>
    <ClInclude Include="magic_enum.hpp">
      <Filter>Enum</Filter>
    </ClInclude>
  </ItemGroup>
  <ItemGroup>
    <CopyFileToFolders Include="ThirdParty\bin\fmod.dll">
      <Filter>ThirdParty\Lib</Filter>
    </CopyFileToFolders>
    <CopyFileToFolders Include="ThirdParty\bin\fmod_vc.lib">
      <Filter>ThirdParty\Lib</Filter>
    </CopyFileToFolders>
    <CopyFileToFolders Include="ThirdParty\bin\fmodL.dll">
      <Filter>ThirdParty\Lib</Filter>
    </CopyFileToFolders>
    <CopyFileToFolders Include="ThirdParty\bin\fmodL_vc.lib">
      <Filter>ThirdParty\Lib</Filter>
    </CopyFileToFolders>
  </ItemGroup>
</Project>